// !$*UTF8*$!
{
	archiveVersion = 1;
	classes = {
	};
	objectVersion = 46;
	objects = {

/* Begin PBXBuildFile section */
		4E5D290F1712590600C2AA88 /* UIKit.framework in Frameworks */ = {isa = PBXBuildFile; fileRef = 4E5D290E1712590600C2AA88 /* UIKit.framework */; };
		4E5D29111712590600C2AA88 /* Foundation.framework in Frameworks */ = {isa = PBXBuildFile; fileRef = 4E5D29101712590600C2AA88 /* Foundation.framework */; };
		4E5D29131712590600C2AA88 /* CoreGraphics.framework in Frameworks */ = {isa = PBXBuildFile; fileRef = 4E5D29121712590600C2AA88 /* CoreGraphics.framework */; };
		4E5D29191712590600C2AA88 /* InfoPlist.strings in Resources */ = {isa = PBXBuildFile; fileRef = 4E5D29171712590600C2AA88 /* InfoPlist.strings */; };
		4E5D291B1712590600C2AA88 /* main.m in Sources */ = {isa = PBXBuildFile; fileRef = 4E5D291A1712590600C2AA88 /* main.m */; };
		4E5D291F1712590600C2AA88 /* BQAppDelegate.m in Sources */ = {isa = PBXBuildFile; fileRef = 4E5D291E1712590600C2AA88 /* BQAppDelegate.m */; };
		4E5D29211712590600C2AA88 /* Default.png in Resources */ = {isa = PBXBuildFile; fileRef = 4E5D29201712590600C2AA88 /* Default.png */; };
		4E5D29231712590600C2AA88 /* Default@2x.png in Resources */ = {isa = PBXBuildFile; fileRef = 4E5D29221712590600C2AA88 /* Default@2x.png */; };
		4E5D29251712590600C2AA88 /* Default-568h@2x.png in Resources */ = {isa = PBXBuildFile; fileRef = 4E5D29241712590600C2AA88 /* Default-568h@2x.png */; };
		4E5D29281712590600C2AA88 /* MainStoryboard.storyboard in Resources */ = {isa = PBXBuildFile; fileRef = 4E5D29261712590600C2AA88 /* MainStoryboard.storyboard */; };
		4E5D292B1712590600C2AA88 /* BQViewController.m in Sources */ = {isa = PBXBuildFile; fileRef = 4E5D292A1712590600C2AA88 /* BQViewController.m */; };
		4EC1365F1715449F00867870 /* QuartzCore.framework in Frameworks */ = {isa = PBXBuildFile; fileRef = 4EC1365E1715449F00867870 /* QuartzCore.framework */; };
		4EC1366D171544DB00867870 /* GMGridView.m in Sources */ = {isa = PBXBuildFile; fileRef = 4EC13663171544DB00867870 /* GMGridView.m */; };
		4EC1366E171544DB00867870 /* GMGridViewCell.m in Sources */ = {isa = PBXBuildFile; fileRef = 4EC13666171544DB00867870 /* GMGridViewCell.m */; };
		4EC1366F171544DB00867870 /* GMGridViewLayoutStrategies.m in Sources */ = {isa = PBXBuildFile; fileRef = 4EC13668171544DB00867870 /* GMGridViewLayoutStrategies.m */; };
		4EC13670171544DB00867870 /* UIGestureRecognizer+GMGridViewAdditions.m in Sources */ = {isa = PBXBuildFile; fileRef = 4EC1366A171544DB00867870 /* UIGestureRecognizer+GMGridViewAdditions.m */; };
		4EC13671171544DB00867870 /* UIView+GMGridViewAdditions.m in Sources */ = {isa = PBXBuildFile; fileRef = 4EC1366C171544DB00867870 /* UIView+GMGridViewAdditions.m */; };
		4EC136AD1716669800867870 /* BQOrderViewController.m in Sources */ = {isa = PBXBuildFile; fileRef = 4EC136AC1716669800867870 /* BQOrderViewController.m */; };
		4EC136B01716710F00867870 /* BQCookWayViewController.m in Sources */ = {isa = PBXBuildFile; fileRef = 4EC136AF1716710F00867870 /* BQCookWayViewController.m */; };
		4EC136B31716713000867870 /* BQTasteViewController.m in Sources */ = {isa = PBXBuildFile; fileRef = 4EC136B21716713000867870 /* BQTasteViewController.m */; };
		4EC136B61716871000867870 /* BQOrderTableViewCell.m in Sources */ = {isa = PBXBuildFile; fileRef = 4EC136B51716870F00867870 /* BQOrderTableViewCell.m */; };
		4EC136C117169CFE00867870 /* BQDishCookWaySelectTableView.m in Sources */ = {isa = PBXBuildFile; fileRef = 4EC136C017169CFD00867870 /* BQDishCookWaySelectTableView.m */; };
/* End PBXBuildFile section */

/* Begin PBXFileReference section */
		4E5D290B1712590600C2AA88 /* baroque.app */ = {isa = PBXFileReference; explicitFileType = wrapper.application; includeInIndex = 0; path = baroque.app; sourceTree = BUILT_PRODUCTS_DIR; };
		4E5D290E1712590600C2AA88 /* UIKit.framework */ = {isa = PBXFileReference; lastKnownFileType = wrapper.framework; name = UIKit.framework; path = System/Library/Frameworks/UIKit.framework; sourceTree = SDKROOT; };
		4E5D29101712590600C2AA88 /* Foundation.framework */ = {isa = PBXFileReference; lastKnownFileType = wrapper.framework; name = Foundation.framework; path = System/Library/Frameworks/Foundation.framework; sourceTree = SDKROOT; };
		4E5D29121712590600C2AA88 /* CoreGraphics.framework */ = {isa = PBXFileReference; lastKnownFileType = wrapper.framework; name = CoreGraphics.framework; path = System/Library/Frameworks/CoreGraphics.framework; sourceTree = SDKROOT; };
		4E5D29161712590600C2AA88 /* baroque-Info.plist */ = {isa = PBXFileReference; lastKnownFileType = text.plist.xml; path = "baroque-Info.plist"; sourceTree = "<group>"; };
		4E5D29181712590600C2AA88 /* en */ = {isa = PBXFileReference; lastKnownFileType = text.plist.strings; name = en; path = en.lproj/InfoPlist.strings; sourceTree = "<group>"; };
		4E5D291A1712590600C2AA88 /* main.m */ = {isa = PBXFileReference; lastKnownFileType = sourcecode.c.objc; path = main.m; sourceTree = "<group>"; };
		4E5D291C1712590600C2AA88 /* baroque-Prefix.pch */ = {isa = PBXFileReference; lastKnownFileType = sourcecode.c.h; path = "baroque-Prefix.pch"; sourceTree = "<group>"; };
		4E5D291D1712590600C2AA88 /* BQAppDelegate.h */ = {isa = PBXFileReference; lastKnownFileType = sourcecode.c.h; path = BQAppDelegate.h; sourceTree = "<group>"; };
		4E5D291E1712590600C2AA88 /* BQAppDelegate.m */ = {isa = PBXFileReference; lastKnownFileType = sourcecode.c.objc; path = BQAppDelegate.m; sourceTree = "<group>"; };
		4E5D29201712590600C2AA88 /* Default.png */ = {isa = PBXFileReference; lastKnownFileType = image.png; path = Default.png; sourceTree = "<group>"; };
		4E5D29221712590600C2AA88 /* Default@2x.png */ = {isa = PBXFileReference; lastKnownFileType = image.png; path = "Default@2x.png"; sourceTree = "<group>"; };
		4E5D29241712590600C2AA88 /* Default-568h@2x.png */ = {isa = PBXFileReference; lastKnownFileType = image.png; path = "Default-568h@2x.png"; sourceTree = "<group>"; };
		4E5D29271712590600C2AA88 /* en */ = {isa = PBXFileReference; lastKnownFileType = file.storyboard; name = en; path = en.lproj/MainStoryboard.storyboard; sourceTree = "<group>"; };
		4E5D29291712590600C2AA88 /* BQViewController.h */ = {isa = PBXFileReference; lastKnownFileType = sourcecode.c.h; path = BQViewController.h; sourceTree = "<group>"; };
		4E5D292A1712590600C2AA88 /* BQViewController.m */ = {isa = PBXFileReference; lastKnownFileType = sourcecode.c.objc; path = BQViewController.m; sourceTree = "<group>"; };
		4EC1365E1715449F00867870 /* QuartzCore.framework */ = {isa = PBXFileReference; lastKnownFileType = wrapper.framework; name = QuartzCore.framework; path = System/Library/Frameworks/QuartzCore.framework; sourceTree = SDKROOT; };
		4EC13661171544DB00867870 /* GMGridView-Constants.h */ = {isa = PBXFileReference; fileEncoding = 4; lastKnownFileType = sourcecode.c.h; path = "GMGridView-Constants.h"; sourceTree = "<group>"; };
		4EC13662171544DB00867870 /* GMGridView.h */ = {isa = PBXFileReference; fileEncoding = 4; lastKnownFileType = sourcecode.c.h; path = GMGridView.h; sourceTree = "<group>"; };
		4EC13663171544DB00867870 /* GMGridView.m */ = {isa = PBXFileReference; fileEncoding = 4; lastKnownFileType = sourcecode.c.objc; path = GMGridView.m; sourceTree = "<group>"; };
		4EC13664171544DB00867870 /* GMGridViewCell+Extended.h */ = {isa = PBXFileReference; fileEncoding = 4; lastKnownFileType = sourcecode.c.h; path = "GMGridViewCell+Extended.h"; sourceTree = "<group>"; };
		4EC13665171544DB00867870 /* GMGridViewCell.h */ = {isa = PBXFileReference; fileEncoding = 4; lastKnownFileType = sourcecode.c.h; path = GMGridViewCell.h; sourceTree = "<group>"; };
		4EC13666171544DB00867870 /* GMGridViewCell.m */ = {isa = PBXFileReference; fileEncoding = 4; lastKnownFileType = sourcecode.c.objc; path = GMGridViewCell.m; sourceTree = "<group>"; };
		4EC13667171544DB00867870 /* GMGridViewLayoutStrategies.h */ = {isa = PBXFileReference; fileEncoding = 4; lastKnownFileType = sourcecode.c.h; path = GMGridViewLayoutStrategies.h; sourceTree = "<group>"; };
		4EC13668171544DB00867870 /* GMGridViewLayoutStrategies.m */ = {isa = PBXFileReference; fileEncoding = 4; lastKnownFileType = sourcecode.c.objc; path = GMGridViewLayoutStrategies.m; sourceTree = "<group>"; };
		4EC13669171544DB00867870 /* UIGestureRecognizer+GMGridViewAdditions.h */ = {isa = PBXFileReference; fileEncoding = 4; lastKnownFileType = sourcecode.c.h; path = "UIGestureRecognizer+GMGridViewAdditions.h"; sourceTree = "<group>"; };
		4EC1366A171544DB00867870 /* UIGestureRecognizer+GMGridViewAdditions.m */ = {isa = PBXFileReference; fileEncoding = 4; lastKnownFileType = sourcecode.c.objc; path = "UIGestureRecognizer+GMGridViewAdditions.m"; sourceTree = "<group>"; };
		4EC1366B171544DB00867870 /* UIView+GMGridViewAdditions.h */ = {isa = PBXFileReference; fileEncoding = 4; lastKnownFileType = sourcecode.c.h; path = "UIView+GMGridViewAdditions.h"; sourceTree = "<group>"; };
		4EC1366C171544DB00867870 /* UIView+GMGridViewAdditions.m */ = {isa = PBXFileReference; fileEncoding = 4; lastKnownFileType = sourcecode.c.objc; path = "UIView+GMGridViewAdditions.m"; sourceTree = "<group>"; };
		4EC136AB1716669800867870 /* BQOrderViewController.h */ = {isa = PBXFileReference; fileEncoding = 4; lastKnownFileType = sourcecode.c.h; path = BQOrderViewController.h; sourceTree = "<group>"; };
		4EC136AC1716669800867870 /* BQOrderViewController.m */ = {isa = PBXFileReference; fileEncoding = 4; lastKnownFileType = sourcecode.c.objc; path = BQOrderViewController.m; sourceTree = "<group>"; };
		4EC136AE1716710F00867870 /* BQCookWayViewController.h */ = {isa = PBXFileReference; fileEncoding = 4; lastKnownFileType = sourcecode.c.h; path = BQCookWayViewController.h; sourceTree = "<group>"; };
		4EC136AF1716710F00867870 /* BQCookWayViewController.m */ = {isa = PBXFileReference; fileEncoding = 4; lastKnownFileType = sourcecode.c.objc; path = BQCookWayViewController.m; sourceTree = "<group>"; };
		4EC136B11716713000867870 /* BQTasteViewController.h */ = {isa = PBXFileReference; fileEncoding = 4; lastKnownFileType = sourcecode.c.h; path = BQTasteViewController.h; sourceTree = "<group>"; };
		4EC136B21716713000867870 /* BQTasteViewController.m */ = {isa = PBXFileReference; fileEncoding = 4; lastKnownFileType = sourcecode.c.objc; path = BQTasteViewController.m; sourceTree = "<group>"; };
		4EC136B41716870F00867870 /* BQOrderTableViewCell.h */ = {isa = PBXFileReference; fileEncoding = 4; lastKnownFileType = sourcecode.c.h; path = BQOrderTableViewCell.h; sourceTree = "<group>"; };
		4EC136B51716870F00867870 /* BQOrderTableViewCell.m */ = {isa = PBXFileReference; fileEncoding = 4; lastKnownFileType = sourcecode.c.objc; path = BQOrderTableViewCell.m; sourceTree = "<group>"; };
		4EC136BF17169CFD00867870 /* BQDishCookWaySelectTableView.h */ = {isa = PBXFileReference; fileEncoding = 4; lastKnownFileType = sourcecode.c.h; path = BQDishCookWaySelectTableView.h; sourceTree = "<group>"; };
		4EC136C017169CFD00867870 /* BQDishCookWaySelectTableView.m */ = {isa = PBXFileReference; fileEncoding = 4; lastKnownFileType = sourcecode.c.objc; path = BQDishCookWaySelectTableView.m; sourceTree = "<group>"; };
/* End PBXFileReference section */

/* Begin PBXFrameworksBuildPhase section */
		4E5D29081712590600C2AA88 /* Frameworks */ = {
			isa = PBXFrameworksBuildPhase;
			buildActionMask = 2147483647;
			files = (
				4EC1365F1715449F00867870 /* QuartzCore.framework in Frameworks */,
				4E5D290F1712590600C2AA88 /* UIKit.framework in Frameworks */,
				4E5D29111712590600C2AA88 /* Foundation.framework in Frameworks */,
				4E5D29131712590600C2AA88 /* CoreGraphics.framework in Frameworks */,
			);
			runOnlyForDeploymentPostprocessing = 0;
		};
/* End PBXFrameworksBuildPhase section */

/* Begin PBXGroup section */
		4E5D29021712590600C2AA88 = {
			isa = PBXGroup;
			children = (
				4E5D29141712590600C2AA88 /* baroque */,
				4E5D290D1712590600C2AA88 /* Frameworks */,
				4E5D290C1712590600C2AA88 /* Products */,
			);
			sourceTree = "<group>";
		};
		4E5D290C1712590600C2AA88 /* Products */ = {
			isa = PBXGroup;
			children = (
				4E5D290B1712590600C2AA88 /* baroque.app */,
			);
			name = Products;
			sourceTree = "<group>";
		};
		4E5D290D1712590600C2AA88 /* Frameworks */ = {
			isa = PBXGroup;
			children = (
				4EC13660171544DB00867870 /* GMGridView */,
				4EC1365E1715449F00867870 /* QuartzCore.framework */,
				4E5D290E1712590600C2AA88 /* UIKit.framework */,
				4E5D29101712590600C2AA88 /* Foundation.framework */,
				4E5D29121712590600C2AA88 /* CoreGraphics.framework */,
			);
			name = Frameworks;
			sourceTree = "<group>";
		};
		4E5D29141712590600C2AA88 /* baroque */ = {
			isa = PBXGroup;
			children = (
				4E5D29261712590600C2AA88 /* MainStoryboard.storyboard */,
				4E5D29291712590600C2AA88 /* BQViewController.h */,
				4E5D292A1712590600C2AA88 /* BQViewController.m */,
				4EC136AB1716669800867870 /* BQOrderViewController.h */,
				4EC136AC1716669800867870 /* BQOrderViewController.m */,
				4E5D29151712590600C2AA88 /* Supporting Files */,
				4EC136AE1716710F00867870 /* BQCookWayViewController.h */,
				4EC136AF1716710F00867870 /* BQCookWayViewController.m */,
				4EC136B11716713000867870 /* BQTasteViewController.h */,
				4EC136B21716713000867870 /* BQTasteViewController.m */,
				4EC136B41716870F00867870 /* BQOrderTableViewCell.h */,
				4EC136B51716870F00867870 /* BQOrderTableViewCell.m */,
				4EC136BF17169CFD00867870 /* BQDishCookWaySelectTableView.h */,
				4EC136C017169CFD00867870 /* BQDishCookWaySelectTableView.m */,
			);
			path = baroque;
			sourceTree = "<group>";
		};
		4E5D29151712590600C2AA88 /* Supporting Files */ = {
			isa = PBXGroup;
			children = (
				4E5D291D1712590600C2AA88 /* BQAppDelegate.h */,
				4E5D291E1712590600C2AA88 /* BQAppDelegate.m */,
				4E5D29161712590600C2AA88 /* baroque-Info.plist */,
				4E5D29171712590600C2AA88 /* InfoPlist.strings */,
				4E5D291A1712590600C2AA88 /* main.m */,
				4E5D291C1712590600C2AA88 /* baroque-Prefix.pch */,
				4E5D29201712590600C2AA88 /* Default.png */,
				4E5D29221712590600C2AA88 /* Default@2x.png */,
				4E5D29241712590600C2AA88 /* Default-568h@2x.png */,
			);
			name = "Supporting Files";
			sourceTree = "<group>";
		};
		4EC13660171544DB00867870 /* GMGridView */ = {
			isa = PBXGroup;
			children = (
				4EC13661171544DB00867870 /* GMGridView-Constants.h */,
				4EC13662171544DB00867870 /* GMGridView.h */,
				4EC13663171544DB00867870 /* GMGridView.m */,
				4EC13664171544DB00867870 /* GMGridViewCell+Extended.h */,
				4EC13665171544DB00867870 /* GMGridViewCell.h */,
				4EC13666171544DB00867870 /* GMGridViewCell.m */,
				4EC13667171544DB00867870 /* GMGridViewLayoutStrategies.h */,
				4EC13668171544DB00867870 /* GMGridViewLayoutStrategies.m */,
				4EC13669171544DB00867870 /* UIGestureRecognizer+GMGridViewAdditions.h */,
				4EC1366A171544DB00867870 /* UIGestureRecognizer+GMGridViewAdditions.m */,
				4EC1366B171544DB00867870 /* UIView+GMGridViewAdditions.h */,
				4EC1366C171544DB00867870 /* UIView+GMGridViewAdditions.m */,
			);
			name = GMGridView;
			path = baroque/GMGridView;
			sourceTree = "<group>";
		};
/* End PBXGroup section */

/* Begin PBXNativeTarget section */
		4E5D290A1712590600C2AA88 /* baroque */ = {
			isa = PBXNativeTarget;
			buildConfigurationList = 4E5D292E1712590600C2AA88 /* Build configuration list for PBXNativeTarget "baroque" */;
			buildPhases = (
				4E5D29071712590600C2AA88 /* Sources */,
				4E5D29081712590600C2AA88 /* Frameworks */,
				4E5D29091712590600C2AA88 /* Resources */,
			);
			buildRules = (
			);
			dependencies = (
			);
			name = baroque;
			productName = baroque;
			productReference = 4E5D290B1712590600C2AA88 /* baroque.app */;
			productType = "com.apple.product-type.application";
		};
/* End PBXNativeTarget section */

/* Begin PBXProject section */
		4E5D29031712590600C2AA88 /* Project object */ = {
			isa = PBXProject;
			attributes = {
				CLASSPREFIX = BQ;
				LastUpgradeCheck = 0460;
				ORGANIZATIONNAME = Baroque;
			};
			buildConfigurationList = 4E5D29061712590600C2AA88 /* Build configuration list for PBXProject "baroque" */;
			compatibilityVersion = "Xcode 3.2";
			developmentRegion = English;
			hasScannedForEncodings = 0;
			knownRegions = (
				en,
			);
			mainGroup = 4E5D29021712590600C2AA88;
			productRefGroup = 4E5D290C1712590600C2AA88 /* Products */;
			projectDirPath = "";
			projectRoot = "";
			targets = (
				4E5D290A1712590600C2AA88 /* baroque */,
			);
		};
/* End PBXProject section */

/* Begin PBXResourcesBuildPhase section */
		4E5D29091712590600C2AA88 /* Resources */ = {
			isa = PBXResourcesBuildPhase;
			buildActionMask = 2147483647;
			files = (
				4E5D29191712590600C2AA88 /* InfoPlist.strings in Resources */,
				4E5D29211712590600C2AA88 /* Default.png in Resources */,
				4E5D29231712590600C2AA88 /* Default@2x.png in Resources */,
				4E5D29251712590600C2AA88 /* Default-568h@2x.png in Resources */,
				4E5D29281712590600C2AA88 /* MainStoryboard.storyboard in Resources */,
			);
			runOnlyForDeploymentPostprocessing = 0;
		};
/* End PBXResourcesBuildPhase section */

/* Begin PBXSourcesBuildPhase section */
		4E5D29071712590600C2AA88 /* Sources */ = {
			isa = PBXSourcesBuildPhase;
			buildActionMask = 2147483647;
			files = (
				4E5D291B1712590600C2AA88 /* main.m in Sources */,
				4E5D291F1712590600C2AA88 /* BQAppDelegate.m in Sources */,
				4E5D292B1712590600C2AA88 /* BQViewController.m in Sources */,
				4EC1366D171544DB00867870 /* GMGridView.m in Sources */,
				4EC1366E171544DB00867870 /* GMGridViewCell.m in Sources */,
				4EC1366F171544DB00867870 /* GMGridViewLayoutStrategies.m in Sources */,
				4EC13670171544DB00867870 /* UIGestureRecognizer+GMGridViewAdditions.m in Sources */,
				4EC13671171544DB00867870 /* UIView+GMGridViewAdditions.m in Sources */,
				4EC136AD1716669800867870 /* BQOrderViewController.m in Sources */,
				4EC136B01716710F00867870 /* BQCookWayViewController.m in Sources */,
				4EC136B31716713000867870 /* BQTasteViewController.m in Sources */,
				4EC136B61716871000867870 /* BQOrderTableViewCell.m in Sources */,
				4EC136C117169CFE00867870 /* BQDishCookWaySelectTableView.m in Sources */,
			);
			runOnlyForDeploymentPostprocessing = 0;
		};
/* End PBXSourcesBuildPhase section */

/* Begin PBXVariantGroup section */
		4E5D29171712590600C2AA88 /* InfoPlist.strings */ = {
			isa = PBXVariantGroup;
			children = (
				4E5D29181712590600C2AA88 /* en */,
			);
			name = InfoPlist.strings;
			sourceTree = "<group>";
		};
		4E5D29261712590600C2AA88 /* MainStoryboard.storyboard */ = {
			isa = PBXVariantGroup;
			children = (
				4E5D29271712590600C2AA88 /* en */,
			);
			name = MainStoryboard.storyboard;
			sourceTree = "<group>";
		};
/* End PBXVariantGroup section */

/* Begin XCBuildConfiguration section */
		4E5D292C1712590600C2AA88 /* Debug */ = {
			isa = XCBuildConfiguration;
			buildSettings = {
				ALWAYS_SEARCH_USER_PATHS = NO;
				CLANG_CXX_LANGUAGE_STANDARD = "gnu++0x";
				CLANG_CXX_LIBRARY = "libc++";
				CLANG_ENABLE_OBJC_ARC = YES;
				CLANG_WARN_CONSTANT_CONVERSION = YES;
				CLANG_WARN_EMPTY_BODY = YES;
				CLANG_WARN_ENUM_CONVERSION = YES;
				CLANG_WARN_INT_CONVERSION = YES;
				CLANG_WARN__DUPLICATE_METHOD_MATCH = YES;
				"CODE_SIGN_IDENTITY[sdk=iphoneos*]" = "iPhone Developer";
				COPY_PHASE_STRIP = NO;
				GCC_C_LANGUAGE_STANDARD = gnu99;
				GCC_DYNAMIC_NO_PIC = NO;
				GCC_OPTIMIZATION_LEVEL = 0;
				GCC_PREPROCESSOR_DEFINITIONS = (
					"DEBUG=1",
					"$(inherited)",
				);
				GCC_SYMBOLS_PRIVATE_EXTERN = NO;
				GCC_WARN_ABOUT_RETURN_TYPE = YES;
				GCC_WARN_UNINITIALIZED_AUTOS = YES;
				GCC_WARN_UNUSED_VARIABLE = YES;
				IPHONEOS_DEPLOYMENT_TARGET = 5.0;
				ONLY_ACTIVE_ARCH = YES;
				SDKROOT = iphoneos;
				TARGETED_DEVICE_FAMILY = 2;
			};
			name = Debug;
		};
		4E5D292D1712590600C2AA88 /* Release */ = {
			isa = XCBuildConfiguration;
			buildSettings = {
				ALWAYS_SEARCH_USER_PATHS = NO;
				CLANG_CXX_LANGUAGE_STANDARD = "gnu++0x";
				CLANG_CXX_LIBRARY = "libc++";
				CLANG_ENABLE_OBJC_ARC = YES;
				CLANG_WARN_CONSTANT_CONVERSION = YES;
				CLANG_WARN_EMPTY_BODY = YES;
				CLANG_WARN_ENUM_CONVERSION = YES;
				CLANG_WARN_INT_CONVERSION = YES;
				CLANG_WARN__DUPLICATE_METHOD_MATCH = YES;
				"CODE_SIGN_IDENTITY[sdk=iphoneos*]" = "iPhone Developer";
				COPY_PHASE_STRIP = YES;
				GCC_C_LANGUAGE_STANDARD = gnu99;
				GCC_WARN_ABOUT_RETURN_TYPE = YES;
				GCC_WARN_UNINITIALIZED_AUTOS = YES;
				GCC_WARN_UNUSED_VARIABLE = YES;
				IPHONEOS_DEPLOYMENT_TARGET = 5.0;
				OTHER_CFLAGS = "-DNS_BLOCK_ASSERTIONS=1";
				SDKROOT = iphoneos;
				TARGETED_DEVICE_FAMILY = 2;
				VALIDATE_PRODUCT = YES;
			};
			name = Release;
		};
		4E5D292F1712590600C2AA88 /* Debug */ = {
			isa = XCBuildConfiguration;
			buildSettings = {
				GCC_PRECOMPILE_PREFIX_HEADER = YES;
				GCC_PREFIX_HEADER = "baroque/baroque-Prefix.pch";
				INFOPLIST_FILE = "baroque/baroque-Info.plist";
				IPHONEOS_DEPLOYMENT_TARGET = 5.0;
				PRODUCT_NAME = "$(TARGET_NAME)";
				WRAPPER_EXTENSION = app;
			};
			name = Debug;
		};
		4E5D29301712590600C2AA88 /* Release */ = {
			isa = XCBuildConfiguration;
			buildSettings = {
				GCC_PRECOMPILE_PREFIX_HEADER = YES;
				GCC_PREFIX_HEADER = "baroque/baroque-Prefix.pch";
				INFOPLIST_FILE = "baroque/baroque-Info.plist";
				IPHONEOS_DEPLOYMENT_TARGET = 5.0;
				PRODUCT_NAME = "$(TARGET_NAME)";
				WRAPPER_EXTENSION = app;
			};
			name = Release;
		};
/* End XCBuildConfiguration section */

/* Begin XCConfigurationList section */
		4E5D29061712590600C2AA88 /* Build configuration list for PBXProject "baroque" */ = {
			isa = XCConfigurationList;
			buildConfigurations = (
				4E5D292C1712590600C2AA88 /* Debug */,
				4E5D292D1712590600C2AA88 /* Release */,
			);
			defaultConfigurationIsVisible = 0;
			defaultConfigurationName = Release;
		};
		4E5D292E1712590600C2AA88 /* Build configuration list for PBXNativeTarget "baroque" */ = {
			isa = XCConfigurationList;
			buildConfigurations = (
				4E5D292F1712590600C2AA88 /* Debug */,
				4E5D29301712590600C2AA88 /* Release */,
			);
			defaultConfigurationIsVisible = 0;
			defaultConfigurationName = Release;
		};
/* End XCConfigurationList section */
	};
	rootObject = 4E5D29031712590600C2AA88 /* Project object */;
}
