// !$*UTF8*$!
{
	archiveVersion = 1;
	classes = {
	};
	objectVersion = 46;
	objects = {

/* Begin PBXBuildFile section */
		4E25A1AA171FD167005EFAF2 /* BQPostOrderViewController.m in Sources */ = {isa = PBXBuildFile; fileRef = 4E25A1A9171FD167005EFAF2 /* BQPostOrderViewController.m */; };
		4E5640D117276F7E00186FA9 /* InAppSettings.bundle in Resources */ = {isa = PBXBuildFile; fileRef = 4E5640D017276F7E00186FA9 /* InAppSettings.bundle */; };
		4E5640D61727738000186FA9 /* Localizable.strings in Resources */ = {isa = PBXBuildFile; fileRef = 4E5640D81727738000186FA9 /* Localizable.strings */; };
		4E5D290F1712590600C2AA88 /* UIKit.framework in Frameworks */ = {isa = PBXBuildFile; fileRef = 4E5D290E1712590600C2AA88 /* UIKit.framework */; };
		4E5D29111712590600C2AA88 /* Foundation.framework in Frameworks */ = {isa = PBXBuildFile; fileRef = 4E5D29101712590600C2AA88 /* Foundation.framework */; };
		4E5D29131712590600C2AA88 /* CoreGraphics.framework in Frameworks */ = {isa = PBXBuildFile; fileRef = 4E5D29121712590600C2AA88 /* CoreGraphics.framework */; };
		4E5D29191712590600C2AA88 /* InfoPlist.strings in Resources */ = {isa = PBXBuildFile; fileRef = 4E5D29171712590600C2AA88 /* InfoPlist.strings */; };
		4E5D291B1712590600C2AA88 /* main.m in Sources */ = {isa = PBXBuildFile; fileRef = 4E5D291A1712590600C2AA88 /* main.m */; };
		4E5D291F1712590600C2AA88 /* BQAppDelegate.m in Sources */ = {isa = PBXBuildFile; fileRef = 4E5D291E1712590600C2AA88 /* BQAppDelegate.m */; };
		4E5D29211712590600C2AA88 /* Default.png in Resources */ = {isa = PBXBuildFile; fileRef = 4E5D29201712590600C2AA88 /* Default.png */; };
		4E5D29231712590600C2AA88 /* Default@2x.png in Resources */ = {isa = PBXBuildFile; fileRef = 4E5D29221712590600C2AA88 /* Default@2x.png */; };
		4E5D29251712590600C2AA88 /* Default-568h@2x.png in Resources */ = {isa = PBXBuildFile; fileRef = 4E5D29241712590600C2AA88 /* Default-568h@2x.png */; };
		4E5D29281712590600C2AA88 /* MainStoryboard.storyboard in Resources */ = {isa = PBXBuildFile; fileRef = 4E5D29261712590600C2AA88 /* MainStoryboard.storyboard */; };
		4E5D292B1712590600C2AA88 /* BQViewController.m in Sources */ = {isa = PBXBuildFile; fileRef = 4E5D292A1712590600C2AA88 /* BQViewController.m */; };
		4EC1365F1715449F00867870 /* QuartzCore.framework in Frameworks */ = {isa = PBXBuildFile; fileRef = 4EC1365E1715449F00867870 /* QuartzCore.framework */; };
		4EC1366D171544DB00867870 /* GMGridView.m in Sources */ = {isa = PBXBuildFile; fileRef = 4EC13663171544DB00867870 /* GMGridView.m */; };
		4EC1366E171544DB00867870 /* GMGridViewCell.m in Sources */ = {isa = PBXBuildFile; fileRef = 4EC13666171544DB00867870 /* GMGridViewCell.m */; };
		4EC1366F171544DB00867870 /* GMGridViewLayoutStrategies.m in Sources */ = {isa = PBXBuildFile; fileRef = 4EC13668171544DB00867870 /* GMGridViewLayoutStrategies.m */; };
		4EC13670171544DB00867870 /* UIGestureRecognizer+GMGridViewAdditions.m in Sources */ = {isa = PBXBuildFile; fileRef = 4EC1366A171544DB00867870 /* UIGestureRecognizer+GMGridViewAdditions.m */; };
		4EC13671171544DB00867870 /* UIView+GMGridViewAdditions.m in Sources */ = {isa = PBXBuildFile; fileRef = 4EC1366C171544DB00867870 /* UIView+GMGridViewAdditions.m */; };
		4EC136AD1716669800867870 /* BQOrderViewController.m in Sources */ = {isa = PBXBuildFile; fileRef = 4EC136AC1716669800867870 /* BQOrderViewController.m */; };
		4EC136B61716871000867870 /* BQOrderTableViewCell.m in Sources */ = {isa = PBXBuildFile; fileRef = 4EC136B51716870F00867870 /* BQOrderTableViewCell.m */; };
		4EC136F01717A56200867870 /* BQOrderCookWayViewController.m in Sources */ = {isa = PBXBuildFile; fileRef = 4EC136EE1717A56100867870 /* BQOrderCookWayViewController.m */; };
		4EC136F11717A56200867870 /* BQOrderCookWayViewController.xib in Resources */ = {isa = PBXBuildFile; fileRef = 4EC136EF1717A56100867870 /* BQOrderCookWayViewController.xib */; };
		4EC136F51717B0BE00867870 /* BQOrderTasteViewController.m in Sources */ = {isa = PBXBuildFile; fileRef = 4EC136F31717B0BD00867870 /* BQOrderTasteViewController.m */; };
		4EC136F61717B0BE00867870 /* BQOrderTasteViewController.xib in Resources */ = {isa = PBXBuildFile; fileRef = 4EC136F41717B0BE00867870 /* BQOrderTasteViewController.xib */; };
		4EC136FF1717B6D400867870 /* BQDetailPageViewController.m in Sources */ = {isa = PBXBuildFile; fileRef = 4EC136FD1717B6D400867870 /* BQDetailPageViewController.m */; };
		4EC137001717B6D400867870 /* BQDetailPageViewController.xib in Resources */ = {isa = PBXBuildFile; fileRef = 4EC136FE1717B6D400867870 /* BQDetailPageViewController.xib */; };
		4EC1370C1717C37500867870 /* BQDetailViewController.m in Sources */ = {isa = PBXBuildFile; fileRef = 4EC1370A1717C37400867870 /* BQDetailViewController.m */; };
		4EC1370D1717C37500867870 /* BQDetailViewController.xib in Resources */ = {isa = PBXBuildFile; fileRef = 4EC1370B1717C37400867870 /* BQDetailViewController.xib */; };
		4EF2EB031726655F008F0026 /* BQPostOrderViewController.xib in Resources */ = {isa = PBXBuildFile; fileRef = 4EF2EB021726655F008F0026 /* BQPostOrderViewController.xib */; };
		4EF2EB3917267C8D008F0026 /* MessageUI.framework in Frameworks */ = {isa = PBXBuildFile; fileRef = 4EF2EB3817267C8D008F0026 /* MessageUI.framework */; };
		4EF2EB5B17267CF8008F0026 /* IASKAppSettingsViewController.m in Sources */ = {isa = PBXBuildFile; fileRef = 4EF2EB3D17267CF8008F0026 /* IASKAppSettingsViewController.m */; settings = {COMPILER_FLAGS = "-fno-objc-arc"; }; };
		4EF2EB5C17267CF8008F0026 /* IASKAppSettingsWebViewController.m in Sources */ = {isa = PBXBuildFile; fileRef = 4EF2EB3F17267CF8008F0026 /* IASKAppSettingsWebViewController.m */; settings = {COMPILER_FLAGS = "-fno-objc-arc"; }; };
		4EF2EB5D17267CF8008F0026 /* IASKSpecifierValuesViewController.m in Sources */ = {isa = PBXBuildFile; fileRef = 4EF2EB4117267CF8008F0026 /* IASKSpecifierValuesViewController.m */; settings = {COMPILER_FLAGS = "-fno-objc-arc"; }; };
		4EF2EB5E17267CF8008F0026 /* IASKSettingsReader.m in Sources */ = {isa = PBXBuildFile; fileRef = 4EF2EB4517267CF8008F0026 /* IASKSettingsReader.m */; settings = {COMPILER_FLAGS = "-fno-objc-arc"; }; };
		4EF2EB5F17267CF8008F0026 /* IASKSettingsStore.m in Sources */ = {isa = PBXBuildFile; fileRef = 4EF2EB4717267CF8008F0026 /* IASKSettingsStore.m */; settings = {COMPILER_FLAGS = "-fno-objc-arc"; }; };
		4EF2EB6017267CF8008F0026 /* IASKSettingsStoreFile.m in Sources */ = {isa = PBXBuildFile; fileRef = 4EF2EB4917267CF8008F0026 /* IASKSettingsStoreFile.m */; settings = {COMPILER_FLAGS = "-fno-objc-arc"; }; };
		4EF2EB6117267CF8008F0026 /* IASKSettingsStoreUserDefaults.m in Sources */ = {isa = PBXBuildFile; fileRef = 4EF2EB4B17267CF8008F0026 /* IASKSettingsStoreUserDefaults.m */; settings = {COMPILER_FLAGS = "-fno-objc-arc"; }; };
		4EF2EB6217267CF8008F0026 /* IASKSpecifier.m in Sources */ = {isa = PBXBuildFile; fileRef = 4EF2EB4D17267CF8008F0026 /* IASKSpecifier.m */; settings = {COMPILER_FLAGS = "-fno-objc-arc"; }; };
		4EF2EB6317267CF8008F0026 /* IASKPSSliderSpecifierViewCell.m in Sources */ = {isa = PBXBuildFile; fileRef = 4EF2EB5017267CF8008F0026 /* IASKPSSliderSpecifierViewCell.m */; settings = {COMPILER_FLAGS = "-fno-objc-arc"; }; };
		4EF2EB6417267CF8008F0026 /* IASKPSTextFieldSpecifierViewCell.m in Sources */ = {isa = PBXBuildFile; fileRef = 4EF2EB5217267CF8008F0026 /* IASKPSTextFieldSpecifierViewCell.m */; settings = {COMPILER_FLAGS = "-fno-objc-arc"; }; };
		4EF2EB6517267CF8008F0026 /* IASKPSTitleValueSpecifierViewCell.m in Sources */ = {isa = PBXBuildFile; fileRef = 4EF2EB5417267CF8008F0026 /* IASKPSTitleValueSpecifierViewCell.m */; settings = {COMPILER_FLAGS = "-fno-objc-arc"; }; };
		4EF2EB6617267CF8008F0026 /* IASKSlider.m in Sources */ = {isa = PBXBuildFile; fileRef = 4EF2EB5617267CF8008F0026 /* IASKSlider.m */; settings = {COMPILER_FLAGS = "-fno-objc-arc"; }; };
		4EF2EB6717267CF8008F0026 /* IASKSwitch.m in Sources */ = {isa = PBXBuildFile; fileRef = 4EF2EB5817267CF8008F0026 /* IASKSwitch.m */; settings = {COMPILER_FLAGS = "-fno-objc-arc"; }; };
		4EF2EB6817267CF8008F0026 /* IASKTextField.m in Sources */ = {isa = PBXBuildFile; fileRef = 4EF2EB5A17267CF8008F0026 /* IASKTextField.m */; settings = {COMPILER_FLAGS = "-fno-objc-arc"; }; };
/* End PBXBuildFile section */

/* Begin PBXFileReference section */
		4E25A1A8171FD167005EFAF2 /* BQPostOrderViewController.h */ = {isa = PBXFileReference; fileEncoding = 4; lastKnownFileType = sourcecode.c.h; path = BQPostOrderViewController.h; sourceTree = "<group>"; };
		4E25A1A9171FD167005EFAF2 /* BQPostOrderViewController.m */ = {isa = PBXFileReference; fileEncoding = 4; lastKnownFileType = sourcecode.c.objc; path = BQPostOrderViewController.m; sourceTree = "<group>"; };
		4E5640D017276F7E00186FA9 /* InAppSettings.bundle */ = {isa = PBXFileReference; lastKnownFileType = "wrapper.plug-in"; path = InAppSettings.bundle; sourceTree = "<group>"; };
		4E5640D2172771BC00186FA9 /* zh-Hans */ = {isa = PBXFileReference; lastKnownFileType = file.storyboard; name = "zh-Hans"; path = "zh-Hans.lproj/MainStoryboard.storyboard"; sourceTree = "<group>"; };
		4E5640D3172771BC00186FA9 /* zh-Hans */ = {isa = PBXFileReference; lastKnownFileType = text.plist.strings; name = "zh-Hans"; path = "zh-Hans.lproj/InfoPlist.strings"; sourceTree = "<group>"; };
		4E5640D71727738000186FA9 /* en */ = {isa = PBXFileReference; lastKnownFileType = text.plist.strings; name = en; path = en.lproj/Localizable.strings; sourceTree = "<group>"; };
		4E5640D91727738400186FA9 /* zh-Hans */ = {isa = PBXFileReference; lastKnownFileType = text.plist.strings; name = "zh-Hans"; path = "zh-Hans.lproj/Localizable.strings"; sourceTree = "<group>"; };
		4E5D290B1712590600C2AA88 /* baroque.app */ = {isa = PBXFileReference; explicitFileType = wrapper.application; includeInIndex = 0; path = baroque.app; sourceTree = BUILT_PRODUCTS_DIR; };
		4E5D290E1712590600C2AA88 /* UIKit.framework */ = {isa = PBXFileReference; lastKnownFileType = wrapper.framework; name = UIKit.framework; path = System/Library/Frameworks/UIKit.framework; sourceTree = SDKROOT; };
		4E5D29101712590600C2AA88 /* Foundation.framework */ = {isa = PBXFileReference; lastKnownFileType = wrapper.framework; name = Foundation.framework; path = System/Library/Frameworks/Foundation.framework; sourceTree = SDKROOT; };
		4E5D29121712590600C2AA88 /* CoreGraphics.framework */ = {isa = PBXFileReference; lastKnownFileType = wrapper.framework; name = CoreGraphics.framework; path = System/Library/Frameworks/CoreGraphics.framework; sourceTree = SDKROOT; };
		4E5D29161712590600C2AA88 /* baroque-Info.plist */ = {isa = PBXFileReference; lastKnownFileType = text.plist.xml; path = "baroque-Info.plist"; sourceTree = "<group>"; };
		4E5D29181712590600C2AA88 /* en */ = {isa = PBXFileReference; lastKnownFileType = text.plist.strings; name = en; path = en.lproj/InfoPlist.strings; sourceTree = "<group>"; };
		4E5D291A1712590600C2AA88 /* main.m */ = {isa = PBXFileReference; lastKnownFileType = sourcecode.c.objc; path = main.m; sourceTree = "<group>"; };
		4E5D291C1712590600C2AA88 /* baroque-Prefix.pch */ = {isa = PBXFileReference; lastKnownFileType = sourcecode.c.h; path = "baroque-Prefix.pch"; sourceTree = "<group>"; };
		4E5D291D1712590600C2AA88 /* BQAppDelegate.h */ = {isa = PBXFileReference; lastKnownFileType = sourcecode.c.h; path = BQAppDelegate.h; sourceTree = "<group>"; };
		4E5D291E1712590600C2AA88 /* BQAppDelegate.m */ = {isa = PBXFileReference; lastKnownFileType = sourcecode.c.objc; path = BQAppDelegate.m; sourceTree = "<group>"; };
		4E5D29201712590600C2AA88 /* Default.png */ = {isa = PBXFileReference; lastKnownFileType = image.png; path = Default.png; sourceTree = "<group>"; };
		4E5D29221712590600C2AA88 /* Default@2x.png */ = {isa = PBXFileReference; lastKnownFileType = image.png; path = "Default@2x.png"; sourceTree = "<group>"; };
		4E5D29241712590600C2AA88 /* Default-568h@2x.png */ = {isa = PBXFileReference; lastKnownFileType = image.png; path = "Default-568h@2x.png"; sourceTree = "<group>"; };
		4E5D29271712590600C2AA88 /* en */ = {isa = PBXFileReference; lastKnownFileType = file.storyboard; name = en; path = en.lproj/MainStoryboard.storyboard; sourceTree = "<group>"; };
		4E5D29291712590600C2AA88 /* BQViewController.h */ = {isa = PBXFileReference; lastKnownFileType = sourcecode.c.h; path = BQViewController.h; sourceTree = "<group>"; };
		4E5D292A1712590600C2AA88 /* BQViewController.m */ = {isa = PBXFileReference; lastKnownFileType = sourcecode.c.objc; path = BQViewController.m; sourceTree = "<group>"; };
		4EC1365E1715449F00867870 /* QuartzCore.framework */ = {isa = PBXFileReference; lastKnownFileType = wrapper.framework; name = QuartzCore.framework; path = System/Library/Frameworks/QuartzCore.framework; sourceTree = SDKROOT; };
		4EC13661171544DB00867870 /* GMGridView-Constants.h */ = {isa = PBXFileReference; fileEncoding = 4; lastKnownFileType = sourcecode.c.h; path = "GMGridView-Constants.h"; sourceTree = "<group>"; };
		4EC13662171544DB00867870 /* GMGridView.h */ = {isa = PBXFileReference; fileEncoding = 4; lastKnownFileType = sourcecode.c.h; path = GMGridView.h; sourceTree = "<group>"; };
		4EC13663171544DB00867870 /* GMGridView.m */ = {isa = PBXFileReference; fileEncoding = 4; lastKnownFileType = sourcecode.c.objc; path = GMGridView.m; sourceTree = "<group>"; };
		4EC13664171544DB00867870 /* GMGridViewCell+Extended.h */ = {isa = PBXFileReference; fileEncoding = 4; lastKnownFileType = sourcecode.c.h; path = "GMGridViewCell+Extended.h"; sourceTree = "<group>"; };
		4EC13665171544DB00867870 /* GMGridViewCell.h */ = {isa = PBXFileReference; fileEncoding = 4; lastKnownFileType = sourcecode.c.h; path = GMGridViewCell.h; sourceTree = "<group>"; };
		4EC13666171544DB00867870 /* GMGridViewCell.m */ = {isa = PBXFileReference; fileEncoding = 4; lastKnownFileType = sourcecode.c.objc; path = GMGridViewCell.m; sourceTree = "<group>"; };
		4EC13667171544DB00867870 /* GMGridViewLayoutStrategies.h */ = {isa = PBXFileReference; fileEncoding = 4; lastKnownFileType = sourcecode.c.h; path = GMGridViewLayoutStrategies.h; sourceTree = "<group>"; };
		4EC13668171544DB00867870 /* GMGridViewLayoutStrategies.m */ = {isa = PBXFileReference; fileEncoding = 4; lastKnownFileType = sourcecode.c.objc; path = GMGridViewLayoutStrategies.m; sourceTree = "<group>"; };
		4EC13669171544DB00867870 /* UIGestureRecognizer+GMGridViewAdditions.h */ = {isa = PBXFileReference; fileEncoding = 4; lastKnownFileType = sourcecode.c.h; path = "UIGestureRecognizer+GMGridViewAdditions.h"; sourceTree = "<group>"; };
		4EC1366A171544DB00867870 /* UIGestureRecognizer+GMGridViewAdditions.m */ = {isa = PBXFileReference; fileEncoding = 4; lastKnownFileType = sourcecode.c.objc; path = "UIGestureRecognizer+GMGridViewAdditions.m"; sourceTree = "<group>"; };
		4EC1366B171544DB00867870 /* UIView+GMGridViewAdditions.h */ = {isa = PBXFileReference; fileEncoding = 4; lastKnownFileType = sourcecode.c.h; path = "UIView+GMGridViewAdditions.h"; sourceTree = "<group>"; };
		4EC1366C171544DB00867870 /* UIView+GMGridViewAdditions.m */ = {isa = PBXFileReference; fileEncoding = 4; lastKnownFileType = sourcecode.c.objc; path = "UIView+GMGridViewAdditions.m"; sourceTree = "<group>"; };
		4EC136AB1716669800867870 /* BQOrderViewController.h */ = {isa = PBXFileReference; fileEncoding = 4; lastKnownFileType = sourcecode.c.h; path = BQOrderViewController.h; sourceTree = "<group>"; };
		4EC136AC1716669800867870 /* BQOrderViewController.m */ = {isa = PBXFileReference; fileEncoding = 4; lastKnownFileType = sourcecode.c.objc; path = BQOrderViewController.m; sourceTree = "<group>"; };
		4EC136B41716870F00867870 /* BQOrderTableViewCell.h */ = {isa = PBXFileReference; fileEncoding = 4; lastKnownFileType = sourcecode.c.h; path = BQOrderTableViewCell.h; sourceTree = "<group>"; };
		4EC136B51716870F00867870 /* BQOrderTableViewCell.m */ = {isa = PBXFileReference; fileEncoding = 4; lastKnownFileType = sourcecode.c.objc; path = BQOrderTableViewCell.m; sourceTree = "<group>"; };
		4EC136ED1717A56100867870 /* BQOrderCookWayViewController.h */ = {isa = PBXFileReference; fileEncoding = 4; lastKnownFileType = sourcecode.c.h; path = BQOrderCookWayViewController.h; sourceTree = "<group>"; };
		4EC136EE1717A56100867870 /* BQOrderCookWayViewController.m */ = {isa = PBXFileReference; fileEncoding = 4; lastKnownFileType = sourcecode.c.objc; path = BQOrderCookWayViewController.m; sourceTree = "<group>"; };
		4EC136EF1717A56100867870 /* BQOrderCookWayViewController.xib */ = {isa = PBXFileReference; fileEncoding = 4; lastKnownFileType = file.xib; path = BQOrderCookWayViewController.xib; sourceTree = "<group>"; };
		4EC136F21717B0BD00867870 /* BQOrderTasteViewController.h */ = {isa = PBXFileReference; fileEncoding = 4; lastKnownFileType = sourcecode.c.h; path = BQOrderTasteViewController.h; sourceTree = "<group>"; };
		4EC136F31717B0BD00867870 /* BQOrderTasteViewController.m */ = {isa = PBXFileReference; fileEncoding = 4; lastKnownFileType = sourcecode.c.objc; path = BQOrderTasteViewController.m; sourceTree = "<group>"; };
		4EC136F41717B0BE00867870 /* BQOrderTasteViewController.xib */ = {isa = PBXFileReference; fileEncoding = 4; lastKnownFileType = file.xib; path = BQOrderTasteViewController.xib; sourceTree = "<group>"; };
		4EC136FC1717B6D400867870 /* BQDetailPageViewController.h */ = {isa = PBXFileReference; fileEncoding = 4; lastKnownFileType = sourcecode.c.h; path = BQDetailPageViewController.h; sourceTree = "<group>"; };
		4EC136FD1717B6D400867870 /* BQDetailPageViewController.m */ = {isa = PBXFileReference; fileEncoding = 4; lastKnownFileType = sourcecode.c.objc; path = BQDetailPageViewController.m; sourceTree = "<group>"; };
		4EC136FE1717B6D400867870 /* BQDetailPageViewController.xib */ = {isa = PBXFileReference; fileEncoding = 4; lastKnownFileType = file.xib; path = BQDetailPageViewController.xib; sourceTree = "<group>"; };
		4EC137091717C37400867870 /* BQDetailViewController.h */ = {isa = PBXFileReference; fileEncoding = 4; lastKnownFileType = sourcecode.c.h; path = BQDetailViewController.h; sourceTree = "<group>"; };
		4EC1370A1717C37400867870 /* BQDetailViewController.m */ = {isa = PBXFileReference; fileEncoding = 4; lastKnownFileType = sourcecode.c.objc; path = BQDetailViewController.m; sourceTree = "<group>"; };
		4EC1370B1717C37400867870 /* BQDetailViewController.xib */ = {isa = PBXFileReference; fileEncoding = 4; lastKnownFileType = file.xib; path = BQDetailViewController.xib; sourceTree = "<group>"; };
		4EF2EB021726655F008F0026 /* BQPostOrderViewController.xib */ = {isa = PBXFileReference; fileEncoding = 4; lastKnownFileType = file.xib; path = BQPostOrderViewController.xib; sourceTree = "<group>"; };
		4EF2EB3817267C8D008F0026 /* MessageUI.framework */ = {isa = PBXFileReference; lastKnownFileType = wrapper.framework; name = MessageUI.framework; path = System/Library/Frameworks/MessageUI.framework; sourceTree = SDKROOT; };
		4EF2EB3C17267CF8008F0026 /* IASKAppSettingsViewController.h */ = {isa = PBXFileReference; fileEncoding = 4; lastKnownFileType = sourcecode.c.h; path = IASKAppSettingsViewController.h; sourceTree = "<group>"; };
		4EF2EB3D17267CF8008F0026 /* IASKAppSettingsViewController.m */ = {isa = PBXFileReference; fileEncoding = 4; lastKnownFileType = sourcecode.c.objc; path = IASKAppSettingsViewController.m; sourceTree = "<group>"; };
		4EF2EB3E17267CF8008F0026 /* IASKAppSettingsWebViewController.h */ = {isa = PBXFileReference; fileEncoding = 4; lastKnownFileType = sourcecode.c.h; path = IASKAppSettingsWebViewController.h; sourceTree = "<group>"; };
		4EF2EB3F17267CF8008F0026 /* IASKAppSettingsWebViewController.m */ = {isa = PBXFileReference; fileEncoding = 4; lastKnownFileType = sourcecode.c.objc; path = IASKAppSettingsWebViewController.m; sourceTree = "<group>"; };
		4EF2EB4017267CF8008F0026 /* IASKSpecifierValuesViewController.h */ = {isa = PBXFileReference; fileEncoding = 4; lastKnownFileType = sourcecode.c.h; path = IASKSpecifierValuesViewController.h; sourceTree = "<group>"; };
		4EF2EB4117267CF8008F0026 /* IASKSpecifierValuesViewController.m */ = {isa = PBXFileReference; fileEncoding = 4; lastKnownFileType = sourcecode.c.objc; path = IASKSpecifierValuesViewController.m; sourceTree = "<group>"; };
		4EF2EB4217267CF8008F0026 /* IASKViewController.h */ = {isa = PBXFileReference; fileEncoding = 4; lastKnownFileType = sourcecode.c.h; path = IASKViewController.h; sourceTree = "<group>"; };
		4EF2EB4417267CF8008F0026 /* IASKSettingsReader.h */ = {isa = PBXFileReference; fileEncoding = 4; lastKnownFileType = sourcecode.c.h; path = IASKSettingsReader.h; sourceTree = "<group>"; };
		4EF2EB4517267CF8008F0026 /* IASKSettingsReader.m */ = {isa = PBXFileReference; fileEncoding = 4; lastKnownFileType = sourcecode.c.objc; path = IASKSettingsReader.m; sourceTree = "<group>"; };
		4EF2EB4617267CF8008F0026 /* IASKSettingsStore.h */ = {isa = PBXFileReference; fileEncoding = 4; lastKnownFileType = sourcecode.c.h; path = IASKSettingsStore.h; sourceTree = "<group>"; };
		4EF2EB4717267CF8008F0026 /* IASKSettingsStore.m */ = {isa = PBXFileReference; fileEncoding = 4; lastKnownFileType = sourcecode.c.objc; path = IASKSettingsStore.m; sourceTree = "<group>"; };
		4EF2EB4817267CF8008F0026 /* IASKSettingsStoreFile.h */ = {isa = PBXFileReference; fileEncoding = 4; lastKnownFileType = sourcecode.c.h; path = IASKSettingsStoreFile.h; sourceTree = "<group>"; };
		4EF2EB4917267CF8008F0026 /* IASKSettingsStoreFile.m */ = {isa = PBXFileReference; fileEncoding = 4; lastKnownFileType = sourcecode.c.objc; path = IASKSettingsStoreFile.m; sourceTree = "<group>"; };
		4EF2EB4A17267CF8008F0026 /* IASKSettingsStoreUserDefaults.h */ = {isa = PBXFileReference; fileEncoding = 4; lastKnownFileType = sourcecode.c.h; path = IASKSettingsStoreUserDefaults.h; sourceTree = "<group>"; };
		4EF2EB4B17267CF8008F0026 /* IASKSettingsStoreUserDefaults.m */ = {isa = PBXFileReference; fileEncoding = 4; lastKnownFileType = sourcecode.c.objc; path = IASKSettingsStoreUserDefaults.m; sourceTree = "<group>"; };
		4EF2EB4C17267CF8008F0026 /* IASKSpecifier.h */ = {isa = PBXFileReference; fileEncoding = 4; lastKnownFileType = sourcecode.c.h; path = IASKSpecifier.h; sourceTree = "<group>"; };
		4EF2EB4D17267CF8008F0026 /* IASKSpecifier.m */ = {isa = PBXFileReference; fileEncoding = 4; lastKnownFileType = sourcecode.c.objc; path = IASKSpecifier.m; sourceTree = "<group>"; };
		4EF2EB4F17267CF8008F0026 /* IASKPSSliderSpecifierViewCell.h */ = {isa = PBXFileReference; fileEncoding = 4; lastKnownFileType = sourcecode.c.h; path = IASKPSSliderSpecifierViewCell.h; sourceTree = "<group>"; };
		4EF2EB5017267CF8008F0026 /* IASKPSSliderSpecifierViewCell.m */ = {isa = PBXFileReference; fileEncoding = 4; lastKnownFileType = sourcecode.c.objc; path = IASKPSSliderSpecifierViewCell.m; sourceTree = "<group>"; };
		4EF2EB5117267CF8008F0026 /* IASKPSTextFieldSpecifierViewCell.h */ = {isa = PBXFileReference; fileEncoding = 4; lastKnownFileType = sourcecode.c.h; path = IASKPSTextFieldSpecifierViewCell.h; sourceTree = "<group>"; };
		4EF2EB5217267CF8008F0026 /* IASKPSTextFieldSpecifierViewCell.m */ = {isa = PBXFileReference; fileEncoding = 4; lastKnownFileType = sourcecode.c.objc; path = IASKPSTextFieldSpecifierViewCell.m; sourceTree = "<group>"; };
		4EF2EB5317267CF8008F0026 /* IASKPSTitleValueSpecifierViewCell.h */ = {isa = PBXFileReference; fileEncoding = 4; lastKnownFileType = sourcecode.c.h; path = IASKPSTitleValueSpecifierViewCell.h; sourceTree = "<group>"; };
		4EF2EB5417267CF8008F0026 /* IASKPSTitleValueSpecifierViewCell.m */ = {isa = PBXFileReference; fileEncoding = 4; lastKnownFileType = sourcecode.c.objc; path = IASKPSTitleValueSpecifierViewCell.m; sourceTree = "<group>"; };
		4EF2EB5517267CF8008F0026 /* IASKSlider.h */ = {isa = PBXFileReference; fileEncoding = 4; lastKnownFileType = sourcecode.c.h; path = IASKSlider.h; sourceTree = "<group>"; };
		4EF2EB5617267CF8008F0026 /* IASKSlider.m */ = {isa = PBXFileReference; fileEncoding = 4; lastKnownFileType = sourcecode.c.objc; path = IASKSlider.m; sourceTree = "<group>"; };
		4EF2EB5717267CF8008F0026 /* IASKSwitch.h */ = {isa = PBXFileReference; fileEncoding = 4; lastKnownFileType = sourcecode.c.h; path = IASKSwitch.h; sourceTree = "<group>"; };
		4EF2EB5817267CF8008F0026 /* IASKSwitch.m */ = {isa = PBXFileReference; fileEncoding = 4; lastKnownFileType = sourcecode.c.objc; path = IASKSwitch.m; sourceTree = "<group>"; };
		4EF2EB5917267CF8008F0026 /* IASKTextField.h */ = {isa = PBXFileReference; fileEncoding = 4; lastKnownFileType = sourcecode.c.h; path = IASKTextField.h; sourceTree = "<group>"; };
		4EF2EB5A17267CF8008F0026 /* IASKTextField.m */ = {isa = PBXFileReference; fileEncoding = 4; lastKnownFileType = sourcecode.c.objc; path = IASKTextField.m; sourceTree = "<group>"; };
/* End PBXFileReference section */

/* Begin PBXFrameworksBuildPhase section */
		4E5D29081712590600C2AA88 /* Frameworks */ = {
			isa = PBXFrameworksBuildPhase;
			buildActionMask = 2147483647;
			files = (
				4EF2EB3917267C8D008F0026 /* MessageUI.framework in Frameworks */,
				4EC1365F1715449F00867870 /* QuartzCore.framework in Frameworks */,
				4E5D290F1712590600C2AA88 /* UIKit.framework in Frameworks */,
				4E5D29111712590600C2AA88 /* Foundation.framework in Frameworks */,
				4E5D29131712590600C2AA88 /* CoreGraphics.framework in Frameworks */,
			);
			runOnlyForDeploymentPostprocessing = 0;
		};
/* End PBXFrameworksBuildPhase section */

/* Begin PBXGroup section */
		4E5D29021712590600C2AA88 = {
			isa = PBXGroup;
			children = (
				4E5D29141712590600C2AA88 /* baroque */,
				4E5D290D1712590600C2AA88 /* Frameworks */,
				4E5D290C1712590600C2AA88 /* Products */,
			);
			sourceTree = "<group>";
		};
		4E5D290C1712590600C2AA88 /* Products */ = {
			isa = PBXGroup;
			children = (
				4E5D290B1712590600C2AA88 /* baroque.app */,
			);
			name = Products;
			sourceTree = "<group>";
		};
		4E5D290D1712590600C2AA88 /* Frameworks */ = {
			isa = PBXGroup;
			children = (
				4EF2EB3A17267CF8008F0026 /* InAppSettingsKit */,
				4EF2EB3817267C8D008F0026 /* MessageUI.framework */,
				4EC13660171544DB00867870 /* GMGridView */,
				4EC1365E1715449F00867870 /* QuartzCore.framework */,
				4E5D290E1712590600C2AA88 /* UIKit.framework */,
				4E5D29101712590600C2AA88 /* Foundation.framework */,
				4E5D29121712590600C2AA88 /* CoreGraphics.framework */,
			);
			name = Frameworks;
			sourceTree = "<group>";
		};
		4E5D29141712590600C2AA88 /* baroque */ = {
			isa = PBXGroup;
			children = (
				4EC136FC1717B6D400867870 /* BQDetailPageViewController.h */,
				4EC136FD1717B6D400867870 /* BQDetailPageViewController.m */,
				4EC136FE1717B6D400867870 /* BQDetailPageViewController.xib */,
				4EC137091717C37400867870 /* BQDetailViewController.h */,
				4EC1370A1717C37400867870 /* BQDetailViewController.m */,
				4EC1370B1717C37400867870 /* BQDetailViewController.xib */,
				4EC136ED1717A56100867870 /* BQOrderCookWayViewController.h */,
				4EC136EE1717A56100867870 /* BQOrderCookWayViewController.m */,
				4EC136EF1717A56100867870 /* BQOrderCookWayViewController.xib */,
				4EC136B41716870F00867870 /* BQOrderTableViewCell.h */,
				4EC136B51716870F00867870 /* BQOrderTableViewCell.m */,
				4EC136F21717B0BD00867870 /* BQOrderTasteViewController.h */,
				4EC136F31717B0BD00867870 /* BQOrderTasteViewController.m */,
				4EC136F41717B0BE00867870 /* BQOrderTasteViewController.xib */,
				4EC136AB1716669800867870 /* BQOrderViewController.h */,
				4EC136AC1716669800867870 /* BQOrderViewController.m */,
				4E25A1A8171FD167005EFAF2 /* BQPostOrderViewController.h */,
				4E25A1A9171FD167005EFAF2 /* BQPostOrderViewController.m */,
				4EF2EB021726655F008F0026 /* BQPostOrderViewController.xib */,
				4E5D29291712590600C2AA88 /* BQViewController.h */,
				4E5D292A1712590600C2AA88 /* BQViewController.m */,
				4E5D29261712590600C2AA88 /* MainStoryboard.storyboard */,
				4E5D29151712590600C2AA88 /* Supporting Files */,
			);
			path = baroque;
			sourceTree = "<group>";
		};
		4E5D29151712590600C2AA88 /* Supporting Files */ = {
			isa = PBXGroup;
			children = (
				4E5640D81727738000186FA9 /* Localizable.strings */,
				4E5640D017276F7E00186FA9 /* InAppSettings.bundle */,
				4E5D291D1712590600C2AA88 /* BQAppDelegate.h */,
				4E5D291E1712590600C2AA88 /* BQAppDelegate.m */,
				4E5D29161712590600C2AA88 /* baroque-Info.plist */,
				4E5D29171712590600C2AA88 /* InfoPlist.strings */,
				4E5D291A1712590600C2AA88 /* main.m */,
				4E5D291C1712590600C2AA88 /* baroque-Prefix.pch */,
				4E5D29201712590600C2AA88 /* Default.png */,
				4E5D29221712590600C2AA88 /* Default@2x.png */,
				4E5D29241712590600C2AA88 /* Default-568h@2x.png */,
			);
			name = "Supporting Files";
			sourceTree = "<group>";
		};
		4EC13660171544DB00867870 /* GMGridView */ = {
			isa = PBXGroup;
			children = (
				4EC13661171544DB00867870 /* GMGridView-Constants.h */,
				4EC13662171544DB00867870 /* GMGridView.h */,
				4EC13663171544DB00867870 /* GMGridView.m */,
				4EC13664171544DB00867870 /* GMGridViewCell+Extended.h */,
				4EC13665171544DB00867870 /* GMGridViewCell.h */,
				4EC13666171544DB00867870 /* GMGridViewCell.m */,
				4EC13667171544DB00867870 /* GMGridViewLayoutStrategies.h */,
				4EC13668171544DB00867870 /* GMGridViewLayoutStrategies.m */,
				4EC13669171544DB00867870 /* UIGestureRecognizer+GMGridViewAdditions.h */,
				4EC1366A171544DB00867870 /* UIGestureRecognizer+GMGridViewAdditions.m */,
				4EC1366B171544DB00867870 /* UIView+GMGridViewAdditions.h */,
				4EC1366C171544DB00867870 /* UIView+GMGridViewAdditions.m */,
			);
			name = GMGridView;
			path = baroque/GMGridView;
			sourceTree = "<group>";
		};
		4EF2EB3A17267CF8008F0026 /* InAppSettingsKit */ = {
			isa = PBXGroup;
			children = (
				4EF2EB3B17267CF8008F0026 /* Controllers */,
				4EF2EB4317267CF8008F0026 /* Models */,
				4EF2EB4E17267CF8008F0026 /* Views */,
			);
			path = InAppSettingsKit;
			sourceTree = "<group>";
		};
		4EF2EB3B17267CF8008F0026 /* Controllers */ = {
			isa = PBXGroup;
			children = (
				4EF2EB3C17267CF8008F0026 /* IASKAppSettingsViewController.h */,
				4EF2EB3D17267CF8008F0026 /* IASKAppSettingsViewController.m */,
				4EF2EB3E17267CF8008F0026 /* IASKAppSettingsWebViewController.h */,
				4EF2EB3F17267CF8008F0026 /* IASKAppSettingsWebViewController.m */,
				4EF2EB4017267CF8008F0026 /* IASKSpecifierValuesViewController.h */,
				4EF2EB4117267CF8008F0026 /* IASKSpecifierValuesViewController.m */,
				4EF2EB4217267CF8008F0026 /* IASKViewController.h */,
			);
			path = Controllers;
			sourceTree = "<group>";
		};
		4EF2EB4317267CF8008F0026 /* Models */ = {
			isa = PBXGroup;
			children = (
				4EF2EB4417267CF8008F0026 /* IASKSettingsReader.h */,
				4EF2EB4517267CF8008F0026 /* IASKSettingsReader.m */,
				4EF2EB4617267CF8008F0026 /* IASKSettingsStore.h */,
				4EF2EB4717267CF8008F0026 /* IASKSettingsStore.m */,
				4EF2EB4817267CF8008F0026 /* IASKSettingsStoreFile.h */,
				4EF2EB4917267CF8008F0026 /* IASKSettingsStoreFile.m */,
				4EF2EB4A17267CF8008F0026 /* IASKSettingsStoreUserDefaults.h */,
				4EF2EB4B17267CF8008F0026 /* IASKSettingsStoreUserDefaults.m */,
				4EF2EB4C17267CF8008F0026 /* IASKSpecifier.h */,
				4EF2EB4D17267CF8008F0026 /* IASKSpecifier.m */,
			);
			path = Models;
			sourceTree = "<group>";
		};
		4EF2EB4E17267CF8008F0026 /* Views */ = {
			isa = PBXGroup;
			children = (
				4EF2EB4F17267CF8008F0026 /* IASKPSSliderSpecifierViewCell.h */,
				4EF2EB5017267CF8008F0026 /* IASKPSSliderSpecifierViewCell.m */,
				4EF2EB5117267CF8008F0026 /* IASKPSTextFieldSpecifierViewCell.h */,
				4EF2EB5217267CF8008F0026 /* IASKPSTextFieldSpecifierViewCell.m */,
				4EF2EB5317267CF8008F0026 /* IASKPSTitleValueSpecifierViewCell.h */,
				4EF2EB5417267CF8008F0026 /* IASKPSTitleValueSpecifierViewCell.m */,
				4EF2EB5517267CF8008F0026 /* IASKSlider.h */,
				4EF2EB5617267CF8008F0026 /* IASKSlider.m */,
				4EF2EB5717267CF8008F0026 /* IASKSwitch.h */,
				4EF2EB5817267CF8008F0026 /* IASKSwitch.m */,
				4EF2EB5917267CF8008F0026 /* IASKTextField.h */,
				4EF2EB5A17267CF8008F0026 /* IASKTextField.m */,
			);
			path = Views;
			sourceTree = "<group>";
		};
/* End PBXGroup section */

/* Begin PBXNativeTarget section */
		4E5D290A1712590600C2AA88 /* baroque */ = {
			isa = PBXNativeTarget;
			buildConfigurationList = 4E5D292E1712590600C2AA88 /* Build configuration list for PBXNativeTarget "baroque" */;
			buildPhases = (
				4E5D29071712590600C2AA88 /* Sources */,
				4E5D29081712590600C2AA88 /* Frameworks */,
				4E5D29091712590600C2AA88 /* Resources */,
			);
			buildRules = (
			);
			dependencies = (
			);
			name = baroque;
			productName = baroque;
			productReference = 4E5D290B1712590600C2AA88 /* baroque.app */;
			productType = "com.apple.product-type.application";
		};
/* End PBXNativeTarget section */

/* Begin PBXProject section */
		4E5D29031712590600C2AA88 /* Project object */ = {
			isa = PBXProject;
			attributes = {
				CLASSPREFIX = BQ;
				LastUpgradeCheck = 0460;
				ORGANIZATIONNAME = Baroque;
			};
			buildConfigurationList = 4E5D29061712590600C2AA88 /* Build configuration list for PBXProject "baroque" */;
			compatibilityVersion = "Xcode 3.2";
			developmentRegion = English;
			hasScannedForEncodings = 0;
			knownRegions = (
				en,
				"zh-Hans",
			);
			mainGroup = 4E5D29021712590600C2AA88;
			productRefGroup = 4E5D290C1712590600C2AA88 /* Products */;
			projectDirPath = "";
			projectRoot = "";
			targets = (
				4E5D290A1712590600C2AA88 /* baroque */,
			);
		};
/* End PBXProject section */

/* Begin PBXResourcesBuildPhase section */
		4E5D29091712590600C2AA88 /* Resources */ = {
			isa = PBXResourcesBuildPhase;
			buildActionMask = 2147483647;
			files = (
				4E5D29191712590600C2AA88 /* InfoPlist.strings in Resources */,
				4E5D29211712590600C2AA88 /* Default.png in Resources */,
				4E5D29231712590600C2AA88 /* Default@2x.png in Resources */,
				4E5D29251712590600C2AA88 /* Default-568h@2x.png in Resources */,
				4E5D29281712590600C2AA88 /* MainStoryboard.storyboard in Resources */,
				4EC136F11717A56200867870 /* BQOrderCookWayViewController.xib in Resources */,
				4EC136F61717B0BE00867870 /* BQOrderTasteViewController.xib in Resources */,
				4EC137001717B6D400867870 /* BQDetailPageViewController.xib in Resources */,
				4EC1370D1717C37500867870 /* BQDetailViewController.xib in Resources */,
				4EF2EB031726655F008F0026 /* BQPostOrderViewController.xib in Resources */,
				4E5640D117276F7E00186FA9 /* InAppSettings.bundle in Resources */,
				4E5640D61727738000186FA9 /* Localizable.strings in Resources */,
			);
			runOnlyForDeploymentPostprocessing = 0;
		};
/* End PBXResourcesBuildPhase section */

/* Begin PBXSourcesBuildPhase section */
		4E5D29071712590600C2AA88 /* Sources */ = {
			isa = PBXSourcesBuildPhase;
			buildActionMask = 2147483647;
			files = (
				4E5D291B1712590600C2AA88 /* main.m in Sources */,
				4E5D291F1712590600C2AA88 /* BQAppDelegate.m in Sources */,
				4E5D292B1712590600C2AA88 /* BQViewController.m in Sources */,
				4EC1366D171544DB00867870 /* GMGridView.m in Sources */,
				4EC1366E171544DB00867870 /* GMGridViewCell.m in Sources */,
				4EC1366F171544DB00867870 /* GMGridViewLayoutStrategies.m in Sources */,
				4EC13670171544DB00867870 /* UIGestureRecognizer+GMGridViewAdditions.m in Sources */,
				4EC13671171544DB00867870 /* UIView+GMGridViewAdditions.m in Sources */,
				4EC136AD1716669800867870 /* BQOrderViewController.m in Sources */,
				4EC136B61716871000867870 /* BQOrderTableViewCell.m in Sources */,
				4EC136F01717A56200867870 /* BQOrderCookWayViewController.m in Sources */,
				4EC136F51717B0BE00867870 /* BQOrderTasteViewController.m in Sources */,
				4EC136FF1717B6D400867870 /* BQDetailPageViewController.m in Sources */,
				4EC1370C1717C37500867870 /* BQDetailViewController.m in Sources */,
				4E25A1AA171FD167005EFAF2 /* BQPostOrderViewController.m in Sources */,
				4EF2EB5B17267CF8008F0026 /* IASKAppSettingsViewController.m in Sources */,
				4EF2EB5C17267CF8008F0026 /* IASKAppSettingsWebViewController.m in Sources */,
				4EF2EB5D17267CF8008F0026 /* IASKSpecifierValuesViewController.m in Sources */,
				4EF2EB5E17267CF8008F0026 /* IASKSettingsReader.m in Sources */,
				4EF2EB5F17267CF8008F0026 /* IASKSettingsStore.m in Sources */,
				4EF2EB6017267CF8008F0026 /* IASKSettingsStoreFile.m in Sources */,
				4EF2EB6117267CF8008F0026 /* IASKSettingsStoreUserDefaults.m in Sources */,
				4EF2EB6217267CF8008F0026 /* IASKSpecifier.m in Sources */,
				4EF2EB6317267CF8008F0026 /* IASKPSSliderSpecifierViewCell.m in Sources */,
				4EF2EB6417267CF8008F0026 /* IASKPSTextFieldSpecifierViewCell.m in Sources */,
				4EF2EB6517267CF8008F0026 /* IASKPSTitleValueSpecifierViewCell.m in Sources */,
				4EF2EB6617267CF8008F0026 /* IASKSlider.m in Sources */,
				4EF2EB6717267CF8008F0026 /* IASKSwitch.m in Sources */,
				4EF2EB6817267CF8008F0026 /* IASKTextField.m in Sources */,
			);
			runOnlyForDeploymentPostprocessing = 0;
		};
/* End PBXSourcesBuildPhase section */

/* Begin PBXVariantGroup section */
		4E5640D81727738000186FA9 /* Localizable.strings */ = {
			isa = PBXVariantGroup;
			children = (
				4E5640D71727738000186FA9 /* en */,
				4E5640D91727738400186FA9 /* zh-Hans */,
			);
			name = Localizable.strings;
			sourceTree = "<group>";
		};
		4E5D29171712590600C2AA88 /* InfoPlist.strings */ = {
			isa = PBXVariantGroup;
			children = (
				4E5D29181712590600C2AA88 /* en */,
				4E5640D3172771BC00186FA9 /* zh-Hans */,
			);
			name = InfoPlist.strings;
			sourceTree = "<group>";
		};
		4E5D29261712590600C2AA88 /* MainStoryboard.storyboard */ = {
			isa = PBXVariantGroup;
			children = (
				4E5D29271712590600C2AA88 /* en */,
				4E5640D2172771BC00186FA9 /* zh-Hans */,
			);
			name = MainStoryboard.storyboard;
			sourceTree = "<group>";
		};
/* End PBXVariantGroup section */

/* Begin XCBuildConfiguration section */
		4E5D292C1712590600C2AA88 /* Debug */ = {
			isa = XCBuildConfiguration;
			buildSettings = {
				ALWAYS_SEARCH_USER_PATHS = NO;
				CLANG_CXX_LANGUAGE_STANDARD = "gnu++0x";
				CLANG_CXX_LIBRARY = "libc++";
				CLANG_ENABLE_OBJC_ARC = YES;
				CLANG_WARN_CONSTANT_CONVERSION = YES;
				CLANG_WARN_EMPTY_BODY = YES;
				CLANG_WARN_ENUM_CONVERSION = YES;
				CLANG_WARN_INT_CONVERSION = YES;
				CLANG_WARN__DUPLICATE_METHOD_MATCH = YES;
				"CODE_SIGN_IDENTITY[sdk=iphoneos*]" = "iPhone Developer";
				COPY_PHASE_STRIP = NO;
				GCC_C_LANGUAGE_STANDARD = gnu99;
				GCC_DYNAMIC_NO_PIC = NO;
				GCC_OPTIMIZATION_LEVEL = 0;
				GCC_PREPROCESSOR_DEFINITIONS = (
					"DEBUG=1",
					"$(inherited)",
				);
				GCC_SYMBOLS_PRIVATE_EXTERN = NO;
				GCC_WARN_ABOUT_RETURN_TYPE = YES;
				GCC_WARN_UNINITIALIZED_AUTOS = YES;
				GCC_WARN_UNUSED_VARIABLE = YES;
				IPHONEOS_DEPLOYMENT_TARGET = 5.0;
				ONLY_ACTIVE_ARCH = YES;
				SDKROOT = iphoneos;
				TARGETED_DEVICE_FAMILY = 2;
			};
			name = Debug;
		};
		4E5D292D1712590600C2AA88 /* Release */ = {
			isa = XCBuildConfiguration;
			buildSettings = {
				ALWAYS_SEARCH_USER_PATHS = NO;
				CLANG_CXX_LANGUAGE_STANDARD = "gnu++0x";
				CLANG_CXX_LIBRARY = "libc++";
				CLANG_ENABLE_OBJC_ARC = YES;
				CLANG_WARN_CONSTANT_CONVERSION = YES;
				CLANG_WARN_EMPTY_BODY = YES;
				CLANG_WARN_ENUM_CONVERSION = YES;
				CLANG_WARN_INT_CONVERSION = YES;
				CLANG_WARN__DUPLICATE_METHOD_MATCH = YES;
				"CODE_SIGN_IDENTITY[sdk=iphoneos*]" = "iPhone Developer";
				COPY_PHASE_STRIP = YES;
				GCC_C_LANGUAGE_STANDARD = gnu99;
				GCC_WARN_ABOUT_RETURN_TYPE = YES;
				GCC_WARN_UNINITIALIZED_AUTOS = YES;
				GCC_WARN_UNUSED_VARIABLE = YES;
				IPHONEOS_DEPLOYMENT_TARGET = 5.0;
				OTHER_CFLAGS = "-DNS_BLOCK_ASSERTIONS=1";
				SDKROOT = iphoneos;
				TARGETED_DEVICE_FAMILY = 2;
				VALIDATE_PRODUCT = YES;
			};
			name = Release;
		};
		4E5D292F1712590600C2AA88 /* Debug */ = {
			isa = XCBuildConfiguration;
			buildSettings = {
				GCC_PRECOMPILE_PREFIX_HEADER = YES;
				GCC_PREFIX_HEADER = "baroque/baroque-Prefix.pch";
				INFOPLIST_FILE = "baroque/baroque-Info.plist";
				IPHONEOS_DEPLOYMENT_TARGET = 5.0;
				PRODUCT_NAME = "$(TARGET_NAME)";
				WRAPPER_EXTENSION = app;
			};
			name = Debug;
		};
		4E5D29301712590600C2AA88 /* Release */ = {
			isa = XCBuildConfiguration;
			buildSettings = {
				GCC_PRECOMPILE_PREFIX_HEADER = YES;
				GCC_PREFIX_HEADER = "baroque/baroque-Prefix.pch";
				INFOPLIST_FILE = "baroque/baroque-Info.plist";
				IPHONEOS_DEPLOYMENT_TARGET = 5.0;
				PRODUCT_NAME = "$(TARGET_NAME)";
				WRAPPER_EXTENSION = app;
			};
			name = Release;
		};
/* End XCBuildConfiguration section */

/* Begin XCConfigurationList section */
		4E5D29061712590600C2AA88 /* Build configuration list for PBXProject "baroque" */ = {
			isa = XCConfigurationList;
			buildConfigurations = (
				4E5D292C1712590600C2AA88 /* Debug */,
				4E5D292D1712590600C2AA88 /* Release */,
			);
			defaultConfigurationIsVisible = 0;
			defaultConfigurationName = Release;
		};
		4E5D292E1712590600C2AA88 /* Build configuration list for PBXNativeTarget "baroque" */ = {
			isa = XCConfigurationList;
			buildConfigurations = (
				4E5D292F1712590600C2AA88 /* Debug */,
				4E5D29301712590600C2AA88 /* Release */,
			);
			defaultConfigurationIsVisible = 0;
			defaultConfigurationName = Release;
		};
/* End XCConfigurationList section */
	};
	rootObject = 4E5D29031712590600C2AA88 /* Project object */;
}
